
Microsoft Visual Studio Solution File, Format Version 12.00
# Visual Studio Version 16
VisualStudioVersion = 16.0.30011.22
MinimumVisualStudioVersion = 10.0.40219.1
Project("{9A19103F-16F7-4668-BE54-9A1E7A4F7556}") = "Project", "Project.csproj", "{ABB213E4-B244-4DC9-A9E6-9E7425AEDC70}"
EndProject
Global
	GlobalSection(SolutionConfigurationPlatforms) = preSolution
		Debug|Any CPU = Debug|Any CPU
		GhiDanh|Any CPU = GhiDanh|Any CPU
		Release|Any CPU = Release|Any CPU
		THPT|Any CPU = THPT|Any CPU
	EndGlobalSection
	GlobalSection(ProjectConfigurationPlatforms) = postSolution
		{ABB213E4-B244-4DC9-A9E6-9E7425AEDC70}.Debug|Any CPU.ActiveCfg = Debug|Any CPU
		{ABB213E4-B244-4DC9-A9E6-9E7425AEDC70}.Debug|Any CPU.Build.0 = Debug|Any CPU
		{ABB213E4-B244-4DC9-A9E6-9E7425AEDC70}.GhiDanh|Any CPU.ActiveCfg = GhiDanh|Any CPU
		{ABB213E4-B244-4DC9-A9E6-9E7425AEDC70}.GhiDanh|Any CPU.Build.0 = GhiDanh|Any CPU
		{ABB213E4-B244-4DC9-A9E6-9E7425AEDC70}.Release|Any CPU.ActiveCfg = Release|Any CPU
		{ABB213E4-B244-4DC9-A9E6-9E7425AEDC70}.Release|Any CPU.Build.0 = Release|Any CPU
		{ABB213E4-B244-4DC9-A9E6-9E7425AEDC70}.THPT|Any CPU.ActiveCfg = THPT|Any CPU
		{ABB213E4-B244-4DC9-A9E6-9E7425AEDC70}.THPT|Any CPU.Build.0 = THPT|Any CPU
	EndGlobalSection
	GlobalSection(SolutionProperties) = preSolution
		HideSolutionNode = FALSE
	EndGlobalSection
	GlobalSection(ExtensibilityGlobals) = postSolution
		SolutionGuid = {7D7A405E-A131-420A-88F7-6207C5A8BF8E}
	EndGlobalSection
EndGlobal
