
Microsoft Visual Studio Solution File, Format Version 12.00
# Visual Studio Version 16
VisualStudioVersion = 16.0.29613.14
MinimumVisualStudioVersion = 10.0.40219.1
Project("{9A19103F-16F7-4668-BE54-9A1E7A4F7556}") = "Project", "Project.csproj", "{EADCFAA5-C88D-4D01-B310-2128BD843504}"
EndProject
Global
	GlobalSection(SolutionConfigurationPlatforms) = preSolution
		Debug|Any CPU = Debug|Any CPU
		Release|Any CPU = Release|Any CPU
	EndGlobalSection
	GlobalSection(ProjectConfigurationPlatforms) = postSolution
		{EADCFAA5-C88D-4D01-B310-2128BD843504}.Debug|Any CPU.ActiveCfg = Debug|Any CPU
		{EADCFAA5-C88D-4D01-B310-2128BD843504}.Debug|Any CPU.Build.0 = Debug|Any CPU
		{EADCFAA5-C88D-4D01-B310-2128BD843504}.Release|Any CPU.ActiveCfg = Release|Any CPU
		{EADCFAA5-C88D-4D01-B310-2128BD843504}.Release|Any CPU.Build.0 = Release|Any CPU
	EndGlobalSection
	GlobalSection(SolutionProperties) = preSolution
		HideSolutionNode = FALSE
	EndGlobalSection
	GlobalSection(ExtensibilityGlobals) = postSolution
		SolutionGuid = {C2BE1C33-7E3C-41B1-BB58-13B04A4686CF}
	EndGlobalSection
EndGlobal
